
Microsoft Visual Studio Solution File, Format Version 12.00
# Visual Studio Version 17
VisualStudioVersion = 17.10.35013.160
MinimumVisualStudioVersion = 10.0.40219.1
Project("{FAE04EC0-301F-11D3-BF4B-00C04F79EFBC}") = "Bookstore Management API (Project1)", "Bookstore Management API (Project1)\Bookstore Management API (Project1).csproj", "{04173231-E256-4E95-9EA4-8041F80245BB}"
EndProject
Global
	GlobalSection(SolutionConfigurationPlatforms) = preSolution
		Debug|Any CPU = Debug|Any CPU
		Release|Any CPU = Release|Any CPU
	EndGlobalSection
	GlobalSection(ProjectConfigurationPlatforms) = postSolution
		{04173231-E256-4E95-9EA4-8041F80245BB}.Debug|Any CPU.ActiveCfg = Debug|Any CPU
		{04173231-E256-4E95-9EA4-8041F80245BB}.Debug|Any CPU.Build.0 = Debug|Any CPU
		{04173231-E256-4E95-9EA4-8041F80245BB}.Release|Any CPU.ActiveCfg = Release|Any CPU
		{04173231-E256-4E95-9EA4-8041F80245BB}.Release|Any CPU.Build.0 = Release|Any CPU
	EndGlobalSection
	GlobalSection(SolutionProperties) = preSolution
		HideSolutionNode = FALSE
	EndGlobalSection
	GlobalSection(ExtensibilityGlobals) = postSolution
		SolutionGuid = {63D2B3FB-B7C6-44B4-B7ED-92E4AC08F6AE}
	EndGlobalSection
EndGlobal
